
Microsoft Visual Studio Solution File, Format Version 12.00
# Visual Studio Version 16
VisualStudioVersion = 16.0.30804.86
MinimumVisualStudioVersion = 10.0.40219.1
Project("{2150E333-8FDC-42A3-9474-1A3956D46DE8}") = "src", "src", "{995E2325-7BF0-41F8-837C-D0414AFB4873}"
EndProject
Project("{9A19103F-16F7-4668-BE54-9A1E7A4F7556}") = "BeetleX", "src\BeetleX\BeetleX.csproj", "{030CBAF4-6810-4980-9CC4-CDEE9F16317F}"
EndProject
Project("{9A19103F-16F7-4668-BE54-9A1E7A4F7556}") = "BeetleX.Compat.ConcurrentQueue", "src\BeetleX.Compat.ConcurrentQueue\BeetleX.Compat.ConcurrentQueue.csproj", "{704A9633-3DEB-44AE-A884-8586DD97FDD0}"
EndProject
Project("{2150E333-8FDC-42A3-9474-1A3956D46DE8}") = "Samples", "Samples", "{9301596B-AB17-45FA-B70D-2EE366A4BA2F}"
EndProject
Project("{9A19103F-16F7-4668-BE54-9A1E7A4F7556}") = "ServerSSL", "src\Samples\TCP.SSL\Server\ServerSSL.csproj", "{27F7AF77-7A54-4C50-BB5E-9BA5EC025543}"
EndProject
Project("{9A19103F-16F7-4668-BE54-9A1E7A4F7556}") = "ClientSSL", "src\Samples\TCP.SSL\Client\ClientSSL.csproj", "{15314557-E253-4C54-8C83-469ADB958334}"
EndProject
Project("{9A19103F-16F7-4668-BE54-9A1E7A4F7556}") = "MessagesSSL", "src\Samples\TCP.SSL\Messages\MessagesSSL.csproj", "{E1BD8815-852C-4980-9073-BDA1DD0E44FC}"
EndProject
Project("{9A19103F-16F7-4668-BE54-9A1E7A4F7556}") = "ClientHello", "src\Samples\TCP.Hello\Client\ClientHello.csproj", "{163A56F8-DC3D-43EC-A6EE-03E1B1105C38}"
EndProject
Project("{9A19103F-16F7-4668-BE54-9A1E7A4F7556}") = "ServerHello", "src\Samples\TCP.Hello\Server\ServerHello.csproj", "{5C797C98-A444-4434-BC78-FF45ABE8A8CD}"
EndProject
Project("{2150E333-8FDC-42A3-9474-1A3956D46DE8}") = "TLS", "TLS", "{0CD69A20-7FE9-4686-9281-A33800C9654D}"
EndProject
Project("{2150E333-8FDC-42A3-9474-1A3956D46DE8}") = "Hello", "Hello", "{E0986950-60C6-4C5E-B744-BB5F55AE7316}"
EndProject
Global
	GlobalSection(SolutionConfigurationPlatforms) = preSolution
		Debug|Any CPU = Debug|Any CPU
		Release|Any CPU = Release|Any CPU
	EndGlobalSection
	GlobalSection(ProjectConfigurationPlatforms) = postSolution
		{030CBAF4-6810-4980-9CC4-CDEE9F16317F}.Debug|Any CPU.ActiveCfg = Debug|Any CPU
		{030CBAF4-6810-4980-9CC4-CDEE9F16317F}.Debug|Any CPU.Build.0 = Debug|Any CPU
		{030CBAF4-6810-4980-9CC4-CDEE9F16317F}.Release|Any CPU.ActiveCfg = Release|Any CPU
		{030CBAF4-6810-4980-9CC4-CDEE9F16317F}.Release|Any CPU.Build.0 = Release|Any CPU
		{704A9633-3DEB-44AE-A884-8586DD97FDD0}.Debug|Any CPU.ActiveCfg = Debug|Any CPU
		{704A9633-3DEB-44AE-A884-8586DD97FDD0}.Debug|Any CPU.Build.0 = Debug|Any CPU
		{704A9633-3DEB-44AE-A884-8586DD97FDD0}.Release|Any CPU.ActiveCfg = Release|Any CPU
		{704A9633-3DEB-44AE-A884-8586DD97FDD0}.Release|Any CPU.Build.0 = Release|Any CPU
		{27F7AF77-7A54-4C50-BB5E-9BA5EC025543}.Debug|Any CPU.ActiveCfg = Debug|Any CPU
		{27F7AF77-7A54-4C50-BB5E-9BA5EC025543}.Debug|Any CPU.Build.0 = Debug|Any CPU
		{27F7AF77-7A54-4C50-BB5E-9BA5EC025543}.Release|Any CPU.ActiveCfg = Release|Any CPU
		{27F7AF77-7A54-4C50-BB5E-9BA5EC025543}.Release|Any CPU.Build.0 = Release|Any CPU
		{15314557-E253-4C54-8C83-469ADB958334}.Debug|Any CPU.ActiveCfg = Debug|Any CPU
		{15314557-E253-4C54-8C83-469ADB958334}.Debug|Any CPU.Build.0 = Debug|Any CPU
		{15314557-E253-4C54-8C83-469ADB958334}.Release|Any CPU.ActiveCfg = Release|Any CPU
		{15314557-E253-4C54-8C83-469ADB958334}.Release|Any CPU.Build.0 = Release|Any CPU
		{E1BD8815-852C-4980-9073-BDA1DD0E44FC}.Debug|Any CPU.ActiveCfg = Debug|Any CPU
		{E1BD8815-852C-4980-9073-BDA1DD0E44FC}.Debug|Any CPU.Build.0 = Debug|Any CPU
		{E1BD8815-852C-4980-9073-BDA1DD0E44FC}.Release|Any CPU.ActiveCfg = Release|Any CPU
		{E1BD8815-852C-4980-9073-BDA1DD0E44FC}.Release|Any CPU.Build.0 = Release|Any CPU
		{163A56F8-DC3D-43EC-A6EE-03E1B1105C38}.Debug|Any CPU.ActiveCfg = Debug|Any CPU
		{163A56F8-DC3D-43EC-A6EE-03E1B1105C38}.Debug|Any CPU.Build.0 = Debug|Any CPU
		{163A56F8-DC3D-43EC-A6EE-03E1B1105C38}.Release|Any CPU.ActiveCfg = Release|Any CPU
		{163A56F8-DC3D-43EC-A6EE-03E1B1105C38}.Release|Any CPU.Build.0 = Release|Any CPU
		{5C797C98-A444-4434-BC78-FF45ABE8A8CD}.Debug|Any CPU.ActiveCfg = Debug|Any CPU
		{5C797C98-A444-4434-BC78-FF45ABE8A8CD}.Debug|Any CPU.Build.0 = Debug|Any CPU
		{5C797C98-A444-4434-BC78-FF45ABE8A8CD}.Release|Any CPU.ActiveCfg = Release|Any CPU
		{5C797C98-A444-4434-BC78-FF45ABE8A8CD}.Release|Any CPU.Build.0 = Release|Any CPU
	EndGlobalSection
	GlobalSection(SolutionProperties) = preSolution
		HideSolutionNode = FALSE
	EndGlobalSection
	GlobalSection(NestedProjects) = preSolution
		{030CBAF4-6810-4980-9CC4-CDEE9F16317F} = {995E2325-7BF0-41F8-837C-D0414AFB4873}
		{704A9633-3DEB-44AE-A884-8586DD97FDD0} = {995E2325-7BF0-41F8-837C-D0414AFB4873}
		{27F7AF77-7A54-4C50-BB5E-9BA5EC025543} = {0CD69A20-7FE9-4686-9281-A33800C9654D}
		{15314557-E253-4C54-8C83-469ADB958334} = {0CD69A20-7FE9-4686-9281-A33800C9654D}
		{E1BD8815-852C-4980-9073-BDA1DD0E44FC} = {0CD69A20-7FE9-4686-9281-A33800C9654D}
		{163A56F8-DC3D-43EC-A6EE-03E1B1105C38} = {E0986950-60C6-4C5E-B744-BB5F55AE7316}
		{5C797C98-A444-4434-BC78-FF45ABE8A8CD} = {E0986950-60C6-4C5E-B744-BB5F55AE7316}
		{0CD69A20-7FE9-4686-9281-A33800C9654D} = {9301596B-AB17-45FA-B70D-2EE366A4BA2F}
		{E0986950-60C6-4C5E-B744-BB5F55AE7316} = {9301596B-AB17-45FA-B70D-2EE366A4BA2F}
	EndGlobalSection
	GlobalSection(ExtensibilityGlobals) = postSolution
		SolutionGuid = {B6DA64F0-9724-4A9E-B236-15DE9369E98F}
	EndGlobalSection
	GlobalSection(Performance) = preSolution
		HasPerformanceSessions = true
	EndGlobalSection
EndGlobal
